hash: a90c4b998f478f5098481b76f19a8cd2fa4849c78e2c1c998989f3e2b0eabcdc
updated: 2017-07-02T00:27:39.251819949+01:00
imports:
- name: github.com/badoux/checkmail
  version: d0a759655d62bcdc95c50a0676f3e9702ed59453
- name: github.com/beevik/etree
  version: abae5fc32af8862e420d52e686a7e6ec14111685
- name: github.com/boj/rethinkstore
  version: 614f6ea8ec6dee94ed97bbf52a670cffcc64c1ca
- name: github.com/cenkalti/backoff
  version: 5d150e7eec023ce7a124856b37c68e54b4050ac7
- name: github.com/codegangsta/cli
  version: 347a9884a87374d000eec7e6445a34487c1f4a2b
  subpackages:
  - eventloop
- name: github.com/dancannon/gorethink
  version: 166dbe2477ffb44f53f584c5c24d8499e0c12303
- name: github.com/DataDog/datadog-go
  version: 65671c440e8fa4ccbbc5a5c6c499a3c9a039f84f
  subpackages:
  - statsd
- name: github.com/dgrijalva/jwt-go
  version: 2268707a8f0843315e2004ee4f1d021dc08baedf
- name: github.com/dlclark/regexp2
  version: 3f97b6a39134e6bd88a72d1388d1632e60d83ef6
  subpackages:
  - syntax
- name: github.com/dop251/goja
  version: d382686fd20bf93d9c4cf2ea0234ae2d353e23cb
  subpackages:
  - ast
  - file
  - parser
  - token
- name: github.com/dop251/goja_nodejs
  version: 2fc1e6bbfc494e36dd9a0b3e735a4babc538f51f
  subpackages:
  - console
  - eventloop
  - require
  - util
- name: github.com/elazarl/go-bindata-assetfs
  version: 9a6736ed45b44bf3835afeebb3034b57ed329f3e
- name: github.com/fatih/structs
  version: a720dfa8df582c51dee1b36feabb906bde1588bd
- name: github.com/fogleman/gg
  version: 6166aa3c1afaee416f384645a81636267aee6d25
- name: github.com/go-redis/redis
  version: 564772f045d89bd55843d7dc8042e0a599401e09
  subpackages:
  - internal
  - internal/consistenthash
  - internal/hashtag
  - internal/pool
  - internal/proto
- name: github.com/golang/freetype
  version: e2365dfdc4a05e4b8299a783240d4a7d5a65d4e4
  subpackages:
  - raster
  - truetype
- name: github.com/golang/protobuf
  version: 6a1fa9404c0aebf36c879bc50152edcc953910d2
  subpackages:
  - proto
- name: github.com/gorilla/context
  version: 08b5f424b9271eedf6f9f0ce86cb9396ed337a42
- name: github.com/gorilla/securecookie
  version: e59506cc896acb7f7bf732d4fdf5e25f7ccd8983
- name: github.com/gorilla/sessions
  version: 8b6b4cd75f07f7ee036eb37b8127bd40ab1efc49
- name: github.com/gorilla/websocket
  version: ea4d1f681babbce9545c9c5f3d5194a789c89f5b
- name: github.com/hailocab/go-hostpool
  version: e80d13ce29ede4452c43dea11e79b9bc8a15b478
- name: github.com/ikeikeikeike/go-sitemap-generator
  version: e3c3d374db77838e92e5981ba81f26d1ecea4aa8
  subpackages:
  - stm
- name: github.com/imdario/mergo
  version: e3000cb3d28c72b837601cac94debd91032d19fe
- name: github.com/itsjamie/go-bindata-templates
  version: 65d795d0c74021e19b2ebadf3c83c01a8290a405
- name: github.com/jteeuwen/go-bindata
  version: a0ff2567cfb70903282db057e799fd826784d41d
- name: github.com/labstack/echo
  version: 935a60782cbbc55110e7bd4b33120e4567cbee43
  subpackages:
  - middleware
- name: github.com/labstack/gommon
  version: f72d3c883f8ea180da8f085dd320804c41332ad1
  subpackages:
  - bytes
  - color
  - log
  - random
- name: github.com/mailjet/mailjet-apiv3-go
  version: 4597cb4aae1236575fcd3f7c09544191e1e0aa35
  subpackages:
  - fixtures
  - resources
- name: github.com/mattn/go-colorable
  version: d228849504861217f796da67fae4f6e347643f15
- name: github.com/mattn/go-isatty
  version: 30a891c33c7cde7b02a981314b4228ec99380cca
- name: github.com/nu7hatch/gouuid
  version: 179d4d0c4d8d407a32af483c2354df1d2c91e6c3
- name: github.com/olebedev/config
  version: afea898d27c7d17376ecc60c7c2e73c76b40060e
- name: github.com/olebedev/gojax
  version: bb153be84336f26925890502929cc363477df7ad
  subpackages:
  - fetch
  - fetch/internal/data
- name: github.com/olebedev/on
  version: f65b7c9823a4c30797e9ad3c51d559a36ff8d542
- name: github.com/oschwald/geoip2-golang
  version: 5b1dc16861f81d05d9836bb21c2d0d65282fc0b8
- name: github.com/oschwald/maxminddb-golang
  version: d19f6d453e836d12ee8fe895d0494421e93ef8c1
- name: github.com/pariz/gountries
  version: 01a8f4c7c6e404b6529ada4b5e25f00672670f6d
- name: github.com/pkg/errors
  version: 248dadf4e9068a0b3e79f02ed0a610d935de5302
- name: github.com/robfig/cron
  version: 736158dc09e10f1911ca3a1e1b01f11b566ce5db
- name: github.com/satori/go.uuid
  version: 5bf94b69c6b68ee1b541973bb8e1144db23a194b
- name: github.com/Sirupsen/logrus
  version: 7dd06bf38e1e13df288d471a57d5adbac106be9e
- name: github.com/stackimpact/stackimpact-go
  version: bc60d3d44da3e6258b74de63ef914357dc9b07cf
  subpackages:
  - internal
  - internal/pprof/profile
- name: github.com/valyala/bytebufferpool
  version: e746df99fe4a3986f4d4f79e13c1e0117ce9c2f7
- name: github.com/valyala/fasttemplate
  version: d090d65668a286d9a180d43a19dfdc5dcad8fe88
- name: go4.org
  version: 034d17a462f7b2dcd1a4a73553ec5357ff6e6c6e
  subpackages:
  - syncutil
- name: golang.org/x/crypto
  version: bed12803fa9663d7aa2c2346b0c634ad2dcd43b7
  subpackages:
  - acme
  - acme/autocert
  - bcrypt
  - blowfish
  - pbkdf2
- name: golang.org/x/image
  version: 426cfd8eeb6e08ab1932954e09e3c2cb2bc6e36d
  subpackages:
  - font
  - font/basicfont
  - math/fixed
- name: golang.org/x/net
  version: 41bba8d80bbfab43231ffdf4c210037baae5f6a3
  subpackages:
  - context
  - context/ctxhttp
- name: golang.org/x/sys
  version: 7a6e5648d140666db5d920909e082ca00a87ba2c
  subpackages:
  - unix
  - windows
- name: golang.org/x/text
  version: 44f4f658a783b0cee41fe0a23b8fc91d9c120558
  subpackages:
  - cases
  - collate
  - internal
  - internal/colltab
  - internal/tag
  - language
  - transform
  - unicode/norm
- name: gopkg.in/fatih/pool.v2
  version: 6e328e67893eb46323ad06f0e92cb9536babbabc
- name: gopkg.in/gorethink/gorethink.v3
  version: 7ab832f7b65573104a555d84a27992ae9ea1f659
  subpackages:
  - encoding
  - ql2
  - types
- name: gopkg.in/yaml.v2
  version: 4c78c975fe7c825c6d1466c42be594d1d6f3aba6
testImports: []
